PODS:
  - EHItemsView (1.0.0):
    - EHItemViewCommon (~> 1.0.0)
  - EHItemViewCommon (1.0.0)

DEPENDENCIES:
  - EHItemsView (from `../`)

EXTERNAL SOURCES:
  EHItemsView:
    :path: "../"

SPEC CHECKSUMS:
  EHItemsView: 2b57475aecc95e8ca3824a200cd69913edaf3326
  EHItemViewCommon: 75b801f64e4f5ac7bbd9972911501a4e3993b27d

PODFILE CHECKSUM: 011d66b2ddd98269d9d4556fe59006f4d3806f29

COCOAPODS: 1.0.0
